{
    "_meta": {
        "hash": {
            "sha256": "620767fd2c440a214b3f819ad819e227e2c418dcd701b6493036de456960aef6"
        },
        "pipfile-spec": 6,
        "requires": {
            "python_version": "3.8"
        },
        "sources": [
            {
                "name": "pypi",
                "url": "https://pypi.org/simple",
                "verify_ssl": true
            }
        ]
    },
    "default": {
        "et-xmlfile": {
            "hashes": [
                "sha256:614d9722d572f6246302c4491846d2c393c199cfa4edc9af593437691683335b"
            ],
            "version": "==1.0.1"
        },
        "jdcal": {
            "hashes": [
                "sha256:1abf1305fce18b4e8aa248cf8fe0c56ce2032392bc64bbd61b5dff2a19ec8bba",
                "sha256:472872e096eb8df219c23f2689fc336668bdb43d194094b5cc1707e1640acfc8"
            ],
            "version": "==1.4.1"
        },
        "openpyxl": {
            "hashes": [
                "sha256:6e62f058d19b09b95d20ebfbfb04857ad08d0833190516c1660675f699c6186f",
                "sha256:d88dd1480668019684c66cfff3e52a5de4ed41e9df5dd52e008cbf27af0dbf87"
            ],
            "index": "pypi",
            "version": "==3.0.4"
        }
    },
    "develop": {}
}
